{
  "requires": true,
  "lockfileVersion": 1,
  "dependencies": {
    "@angular/animations": {
      "version": "5.2.0",
      "resolved": "https://registry.npmjs.org/@angular/animations/-/animations-5.2.0.tgz",
      "integrity": "sha512-JLR42YHiJppO4ruAkFxgbzghUDtHkXHkKPM8udd2qyt16T7e1OX7EEOrrmldUu59CC56tZnJ/32p4SrYmxyBSA==",
      "requires": {
        "tslib": "1.9.3"
      }
    },
    "@angular/cdk": {
      "version": "5.2.0",
      "resolved": "https://registry.npmjs.org/@angular/cdk/-/cdk-5.2.0.tgz",
      "integrity": "sha1-Q2j2dJ6RXNzHXTJa4z/bP4WogQg=",
      "requires": {
        "tslib": "1.9.3"
      }
    },
    "@angular/material": {
      "version": "5.2.0",
      "resolved": "https://registry.npmjs.org/@angular/material/-/material-5.2.0.tgz",
      "integrity": "sha1-hZnjFJ1ISH4+kulB+p3FUXbjoM8=",
      "requires": {
        "tslib": "1.9.3"
      }
    },
    "tslib": {
      "version": "1.9.3",
      "resolved": "https://registry.npmjs.org/tslib/-/tslib-1.9.3.tgz",
      "integrity": "sha512-4krF8scpejhaOgqzBEcGM7yDIEfi0/8+8zDRZhNZZ2kjmHJ4hv3zCbQWxoJGz1iw5U0Jl0nma13xzHXcncMavQ=="
    }
  }
}
